lockfileVersion: '9.0'

settings:
  autoInstallPeers: true
  excludeLinksFromLockfile: false

importers:

  .:
    dependencies:
      '@local/config':
        specifier: workspace:*
        version: link:../../../../../census/packages/config
      '@local/gl-context':
        specifier: workspace:*
        version: link:../../../../../census/packages/gl-context
      '@local/sanity':
        specifier: workspace:*
        version: link:../../../../../_offbrand/unleash-ai/packages/sanity
      '@local/seo':
        specifier: workspace:*
        version: link:../../../../../_offbrand/unleash-ai/packages/seo
      '@local/tailwind':
        specifier: workspace:*
        version: link:../../../../../census/packages/tailwind
      '@local/three':
        specifier: workspace:*
        version: link:../../../../../_offbrand/unleash-ai/packages/three
      '@vercel/blob':
        specifier: ^2.4.0
        version: 2.4.0
      smooothy:
        specifier: ^0.0.26
        version: 0.0.26

  ../..: {}

  ../../../../../LIBS/codeflowco/src/smooth-scroll: {}

  ../../../../../LIBS/codeflowco/src/stagger-text: {}

  ../../../../../LIBS/flow-stack: {}

  ../../../../../LIBS/flow-stack/src/riveTool: {}

  ../../../../../LIBS/flow-stack/src/smoothScroll: {}

  ../../../../../LIBS/flow-stack/src/staggerText: {}

  ../../../../../LIBS/flow-stack/src/videoScroll: {}

  ../../../../../LIBS/gl-asset: {}

  ../../../../../LIBS/hacking-webflow: {}

  ../../../../../LIBS/hacking-webflow/src/default: {}

  ../../../../../LIBS/hacking-webflow/src/riveTool: {}

  ../../../../../LIBS/hacking-webflow/src/router: {}

  ../../../../../LIBS/hacking-webflow/src/smoothScroll: {}

  ../../../../../LIBS/hacking-webflow/src/staggerText: {}

  ../../../../../LIBS/hacking-webflow/src/videoScroll: {}

  ../../../../../LIBS/msdf-tools: {}

  ../../../../../LIBS/ogl: {}

  ../../../../../LIBS/tiny-audio: {}

  ../../../../../LIBS/tiny-audio/playground: {}

  ../../../../../LIBS/ttween: {}

  ../../../../../LIBS/ttween/playground: {}

  ../../../../../LIBS/usehey: {}

  ../../../../../PROD/aimail: {}

  ../../../../../PROD/base-test: {}

  ../../../../../_federico/aimail: {}

  ../../../../../_federico/aimail/apps/web: {}

  ../../../../../_federico/aimail/packages/sanity: {}

  ../../../../../_federico/aimail/scripts/optimise: {}

  ../../../../../_federico/aimail/scripts/sync-sanity: {}

  ../../../../../_federico/aiuis: {}

  ../../../../../_federico/aiuis/apps/cms: {}

  ../../../../../_federico/aiuis/apps/web: {}

  ../../../../../_federico/aiuis/scripts/optimise: {}

  ../../../../../_federico/aiuis/scripts/sync-sanity: {}

  ../../../../../_federico/alivekey: {}

  ../../../../../_federico/alivekey/scripts/font: {}

  ../../../../../_federico/archival-lsd: {}

  ../../../../../_federico/archival-lsd/cms: {}

  ../../../../../_federico/autopilot-activeframe: {}

  ../../../../../_federico/autopilot-activeframe/af: {}

  ../../../../../_federico/codeflowco: {}

  ../../../../../_federico/codeflowco-final: {}

  ../../../../../_federico/codeflowco-final/apps/cms: {}

  ../../../../../_federico/codeflowco-final/apps/web: {}

  ../../../../../_federico/codeflowco-final/apps/webflow: {}

  ../../../../../_federico/codeflowco-final/packages/sanity: {}

  ../../../../../_federico/codeflowco-final/scripts/optimise: {}

  ../../../../../_federico/codeflowco-final/scripts/sync-sanity: {}

  ../../../../../_federico/codeflowco/apps/cms: {}

  ../../../../../_federico/codeflowco/apps/web: {}

  ../../../../../_federico/codeflowco/apps/webflow: {}

  ../../../../../_federico/codeflowco/packages/sanity: {}

  ../../../../../_federico/codeflowco/scripts/optimise: {}

  ../../../../../_federico/codeflowco/scripts/sync-sanity: {}

  ../../../../../_federico/doc-gen: {}

  ../../../../../_federico/doc-gen/apps/cms: {}

  ../../../../../_federico/doc-gen/apps/web: {}

  ../../../../../_federico/doc-gen/packages/config: {}

  ../../../../../_federico/doc-gen/packages/sanity: {}

  ../../../../../_federico/doc-gen/packages/seo: {}

  ../../../../../_federico/doc-gen/scripts/optimise: {}

  ../../../../../_federico/doc-gen/scripts/sanity-yaml: {}

  ../../../../../_federico/doc-gen/scripts/sync-sanity: {}

  ../../../../../_federico/extropic/extropic-ai: {}

  ../../../../../_federico/extropic/extropic-ai/apps/web: {}

  ../../../../../_federico/extropic/extropic-ai/packages/eslint-config: {}

  ../../../../../_federico/extropic/extropic-ai/packages/typescript-config: {}

  ../../../../../_federico/extropic/extropic-ai/packages/ui: {}

  ../../../../../_federico/extropic/extropic-exp: {}

  ../../../../../_federico/eye2/eye2: {}

  ../../../../../_federico/federico/federicooo: {}

  ../../../../../_federico/federico/federicooo/apps/cms: {}

  ../../../../../_federico/federico/federicooo/apps/web: {}

  ../../../../../_federico/hunecon.styleguide: {}

  ../../../../../_federico/ilya-2025: {}

  ../../../../../_federico/m-i-n-a: {}

  ../../../../../_federico/m-i-n-a/apps/cms: {}

  ../../../../../_federico/m-i-n-a/apps/web: {}

  ../../../../../_federico/m-i-n-a/packages/config: {}

  ../../../../../_federico/m-i-n-a/packages/sanity: {}

  ../../../../../_federico/m-i-n-a/packages/seo: {}

  ../../../../../_federico/m-i-n-a/scripts/optimise: {}

  ../../../../../_federico/m-i-n-a/scripts/sanity-yaml: {}

  ../../../../../_federico/m-i-n-a/scripts/sync-sanity: {}

  ../../../../../_federico/offbrand-voxsouls: {}

  ../../../../../_federico/remix-website: {}

  ../../../../../_federico/smooothy-webflow: {}

  ../../../../../_federico/solid-docs/docs/solid-docs: {}

  ../../../../../_federico/ssscript-website: {}

  ../../../../../_federico/studyhall: {}

  ../../../../../_federico/studyhall/apps/cms: {}

  ../../../../../_federico/studyhall/apps/web: {}

  ../../../../../_federico/studyhall/packages/config: {}

  ../../../../../_federico/toast-analytics: {}

  ../../../../../_federico/toast-analytics/apps/cms: {}

  ../../../../../_federico/toast-analytics/apps/web: {}

  ../../../../../_federico/toast-analytics/packages/config: {}

  ../../../../../_federico/toast-analytics/packages/sanity: {}

  ../../../../../_federico/toast-analytics/packages/seo: {}

  ../../../../../_federico/toast-analytics/scripts/sanity-yaml: {}

  ../../../../../_federico/toast-analytics/scripts/sync-sanity: {}

  ../../../../../_federico/v0-ping-pong-game: {}

  ../../../../../_offbrand/aize-phase0: {}

  ../../../../../_offbrand/casablanca: {}

  ../../../../../_offbrand/deployboy: {}

  ../../../../../_offbrand/frontify-ai: {}

  ../../../../../_offbrand/gravityteam: {}

  ../../../../../_offbrand/qed: {}

  ../../../../../_offbrand/steven: {}

  ../../../../../_offbrand/treasuryspring: {}

  ../../../../../_offbrand/unleash-ai: {}

  ../../../../../_offbrand/unleash-ai/apps/cms: {}

  ../../../../../_offbrand/unleash-ai/apps/cms/plugins/media-with-jump: {}

  ../../../../../_offbrand/unleash-ai/apps/web: {}

  ../../../../../_offbrand/unleash-ai/packages/ai: {}

  ../../../../../_offbrand/unleash-ai/packages/animation: {}

  ../../../../../_offbrand/unleash-ai/packages/config: {}

  ../../../../../_offbrand/unleash-ai/packages/form-tests: {}

  ../../../../../_offbrand/unleash-ai/packages/forms: {}

  ../../../../../_offbrand/unleash-ai/packages/forms-migration: {}

  ../../../../../_offbrand/unleash-ai/packages/gtm: {}

  ../../../../../_offbrand/unleash-ai/packages/hooks: {}

  ../../../../../_offbrand/unleash-ai/packages/providers: {}

  ../../../../../_offbrand/unleash-ai/packages/sanity: {}

  ../../../../../_offbrand/unleash-ai/packages/scrape-tools: {}

  ../../../../../_offbrand/unleash-ai/packages/seo: {}

  ../../../../../_offbrand/unleash-ai/packages/stores: {}

  ../../../../../_offbrand/unleash-ai/packages/theatre: {}

  ../../../../../_offbrand/unleash-ai/packages/three: {}

  ../../../../../_offbrand/unleash-ai/packages/types: {}

  ../../../../../_offbrand/unleash-ai/packages/ui: {}

  ../../../../../_offbrand/unleash-ai/packages/utils: {}

  ../../../../../_offbrand/unleash-ai/scripts/ga-report-bun: {}

  ../../../../../_offbrand/unleash-ai/scripts/pinecone-folder-upload-bun: {}

  ../../../../../_offbrand/unleash-ai/scripts/scrape-images-bun: {}

  ../../../../../_offbrand/unleash-ai/scripts/scrape-meta: {}

  ../../../../../app/filesumo: {}

  ../../../../../app/ssscript: {}

  ../../../../../app/ssscript/apps/app: {}

  ../../../../../app/ssscript/apps/app/src-tauri/target/debug/rules: {}

  ../../../../../app/ssscript/apps/app/src-tauri/target/debug/skills: {}

  ../../../../../app/ssscript/apps/app/src-tauri/target/debug/starter-basic: {}

  ../../../../../app/ssscript/apps/app/src-tauri/target/debug/starter-multi-entry: {}

  ../../../../../app/ssscript/apps/app/src-tauri/target/debug/starter-multiple-entries: {}

  ../../../../../app/ssscript/apps/app/src-tauri/target/debug/starter-page-transitions: {}

  ../../../../../app/ssscript/apps/app/src-tauri/target/debug/starter-single-entry: {}

  ../../../../../app/ssscript/apps/app/src-tauri/target/debug/starter-template: {}

  ../../../../../app/ssscript/apps/app/src-tauri/target/release/bundle/macos/Ssscript.app/Contents/Resources/starter-basic: {}

  ../../../../../app/ssscript/apps/app/src-tauri/target/release/bundle/macos/Ssscript.app/Contents/Resources/starter-multi-entry: {}

  ../../../../../app/ssscript/apps/app/src-tauri/target/release/rules: {}

  ../../../../../app/ssscript/apps/app/src-tauri/target/release/skills: {}

  ../../../../../app/ssscript/apps/app/src-tauri/target/release/starter-basic: {}

  ../../../../../app/ssscript/apps/app/src-tauri/target/release/starter-multi-entry: {}

  ../../../../../app/ssscript/apps/app/src-tauri/target/release/starter-multiple-entries: {}

  ../../../../../app/ssscript/apps/app/src-tauri/target/release/starter-page-transitions: {}

  ../../../../../app/ssscript/apps/app/src-tauri/target/release/starter-single-entry: {}

  ../../../../../app/ssscript/apps/app/src-tauri/target/release/starter-template: {}

  ../../../../../app/ssscript/apps/app/starter-basic-bundle: {}

  ../../../../../app/ssscript/apps/app/starter-multi-entry-bundle: {}

  ../../../../../app/ssscript/apps/app/starter-multiple-entries-bundle: {}

  ../../../../../app/ssscript/apps/app/starter-page-transitions-bundle: {}

  ../../../../../app/ssscript/apps/app/starter-single-entry-bundle: {}

  ../../../../../app/ssscript/apps/app/versions/2026-03-25_21-56-11/Ssscript.app/Contents/Resources/rules: {}

  ../../../../../app/ssscript/apps/app/versions/2026-03-25_21-56-11/Ssscript.app/Contents/Resources/skills: {}

  ../../../../../app/ssscript/apps/app/versions/2026-03-25_21-56-11/Ssscript.app/Contents/Resources/starter-multiple-entries: {}

  ../../../../../app/ssscript/apps/app/versions/2026-03-25_21-56-11/Ssscript.app/Contents/Resources/starter-page-transitions: {}

  ../../../../../app/ssscript/apps/app/versions/2026-03-25_21-56-11/Ssscript.app/Contents/Resources/starter-single-entry: {}

  ../../../../../app/ssscript/apps/app/versions/2026-03-25_22-03-46/Ssscript.app/Contents/Resources/rules: {}

  ../../../../../app/ssscript/apps/app/versions/2026-03-25_22-03-46/Ssscript.app/Contents/Resources/skills: {}

  ../../../../../app/ssscript/apps/app/versions/2026-03-25_22-03-46/Ssscript.app/Contents/Resources/starter-multiple-entries: {}

  ../../../../../app/ssscript/apps/app/versions/2026-03-25_22-03-46/Ssscript.app/Contents/Resources/starter-page-transitions: {}

  ../../../../../app/ssscript/apps/app/versions/2026-03-25_22-03-46/Ssscript.app/Contents/Resources/starter-single-entry: {}

  ../../../../../app/ssscript/apps/bp: {}

  ../../../../../app/ssscript/apps/discord-bot: {}

  ../../../../../app/ssscript/apps/docs: {}

  ../../../../../app/ssscript/apps/extension: {}

  ../../../../../app/ssscript/apps/prompt-lab: {}

  ../../../../../app/ssscript/apps/web: {}

  ../../../../../app/ssscript/apps/web/bundled/starter-basic: {}

  ../../../../../app/ssscript/apps/web/bundled/starter-multi-entry: {}

  ../../../../../app/ssscript/apps/web/bundled/starter-multiple-entries: {}

  ../../../../../app/ssscript/apps/web/bundled/starter-page-transitions: {}

  ../../../../../app/ssscript/apps/web/bundled/starter-single-entry: {}

  ../../../../../app/ssscript/apps/web/bundled/starter-template: {}

  ../../../../../app/ssscript/packages/agent-prompts: {}

  ../../../../../app/ssscript/packages/agent-runtime: {}

  ../../../../../app/ssscript/packages/component-catalog: {}

  ../../../../../app/ssscript/packages/config: {}

  ../../../../../app/ssscript/packages/content: {}

  ../../../../../app/ssscript/packages/css: {}

  ../../../../../app/ssscript/packages/data: {}

  ../../../../../app/ssscript/packages/eslint-config: {}

  ../../../../../app/ssscript/packages/icon: {}

  ../../../../../app/ssscript/packages/patterns: {}

  ../../../../../app/ssscript/packages/release: {}

  ../../../../../app/ssscript/packages/skills: {}

  ../../../../../app/ssscript/packages/starter-config: {}

  ../../../../../app/ssscript/packages/starter-template: {}

  ../../../../../app/ssscript/packages/starter-template/assembled/starter-basic: {}

  ../../../../../app/ssscript/packages/starter-template/assembled/starter-multi-entry: {}

  ../../../../../app/ssscript/packages/starter-template/starter-basic: {}

  ../../../../../app/ssscript/packages/starter-template/starter-multi-entry: {}

  ../../../../../app/ssscript/packages/typescript-config: {}

  ../../../../../app/ssscript/packages/ui: {}

  ../../../../../app/ssscript/packages/webflow-xscp: {}

  ../../../../../census: {}

  ../../../../../census/apps/next: {}

  ../../../../../census/packages/config: {}

  ../../../../../census/packages/dev-tweakpane: {}

  ../../../../../census/packages/gl-context: {}

  ../../../../../census/packages/icons: {}

  ../../../../../census/packages/tailwind: {}

  ../../../../../census/packages/three: {}

  ../../../../../census/scripts/optimise: {}

  ../../../../../starters: {}

  ../../../../../starters/astro: {}

  ../../../../../starters/sanity: {}

  ../../../../../starters/tooling/watch-asset: {}

  ../../../../../starters/turbo: {}

  ../../../../../starters/turbo/packages/eslint-config: {}

  ../../../../../starters/turbo/packages/typescript-config: {}

  ../../../../../starters/turbo/packages/ui: {}

  ../../../../../starters/vite: {}

  ../../../../../starters/webflow/full: {}

  ../../../../../starters/webflow/tiny: {}

  ../../../../../starters/webgl/ogl: {}

  ../../../../../starters/webgl/three: {}

  ../../../../../starters/webgl/three-new: {}

  ../../../../../starters/webgl/three-v2: {}

  ../../../../../starters/webgl/twgl: {}

  ../../../../../starters/webgl/vanilla: {}

  ../../../../_wiggle-bones/wiggle-bones: {}

  ../../../../astro-bp: {}

  ../../../../astro-sanity-mix/web: {}

  ../../../../astro-sanity-mix/web/cms: {}

  ../../../../astro-sanity/lonely-light: {}

  ../../../../astro-sanity/mad-meridian: {}

  ../../../../astro-sanity/mad-meridian/cms: {}

  ../../../../astro-sanity/test1: {}

  ../../../../bottom-liquid-fuck: {}

  ../../../../class-state-test: {}

  ../../../../codrops: {}

  ../../../../create-thing: {}

  ../../../../ecommerce/hydrogen-2-vercel-test: {}

  ../../../../ecommerce/hydrogen-quickstart: {}

  ../../../../ecommerce/test: {}

  ../../../../ecommerce/v0: {}

  ../../../../ecommerce/v1: {}

  ../../../../fiber/00: {}

  ../../../../fiber/01: {}

  ../../../../fiber/02: {}

  ../../../../fiber/03: {}

  ../../../../fiber/04: {}

  ../../../../gl-exp/vertical-slider: {}

  ../../../../gpgpu: {}

  ../../../../gpgpu-stuffs: {}

  ../../../../gsplat: {}

  ../../../../heyy: {}

  ../../../../heyy/package: {}

  ../../../../heyy/web: {}

  ../../../../lib/ogl: {}

  ../../../../live-relight/00: {}

  ../../../../ogl: {}

  ../../../../package-starter: {}

  ../../../../package-starter/package: {}

  ../../../../package-starter/web: {}

  ../../../../real-head: {}

  ../../../../remix-bp: {}

  ../../../../route-remix-test: {}

  ../../../../sanity-starter: {}

  ../../../../scrape-breezy-page: {}

  ../../../../sheen: {}

  ../../../../smooothy: {}

  ../../../../smooothy/package: {}

  ../../../../smooothy/web: {}

  ../../../../smoothy-bak: {}

  ../../../../state-webgl: {}

  ../../../../three-script: {}

  ../../../../toy-bricks: {}

  ../../../../tsl: {}

  ../../../../turbo-test: {}

  ../../../../turbo-test/app: {}

  ../../../../turbo-test/cms: {}

  ../../../../ultimate-slider: {}

  ../../../../vanilla-gpu: {}

  ../../../../vanilla-gpu/resources: {}

  ../../../../vat-bloom: {}

  ../../../../vat-old: {}

  ../../../../vat-process: {}

  ../../../../vertex-animation-texture/example: {}

  ../../../../video: {}

  ../../../../visual-editing: {}

  ../../../../visual-editing/apps/astro: {}

  ../../../../visual-editing/apps/live-next: {}

  ../../../../visual-editing/apps/next: {}

  ../../../../visual-editing/apps/next-with-i18n: {}

  ../../../../visual-editing/apps/nuxt: {}

  ../../../../visual-editing/apps/page-builder-demo: {}

  ../../../../visual-editing/apps/remix: {}

  ../../../../visual-editing/apps/studio: {}

  ../../../../visual-editing/apps/svelte: {}

  ../../../../visual-editing/packages/@repo/env: {}

  ../../../../visual-editing/packages/@repo/eslint-config: {}

  ../../../../visual-editing/packages/@repo/package.config: {}

  ../../../../visual-editing/packages/@repo/prettier-config: {}

  ../../../../visual-editing/packages/@repo/sanity-extracted-schema: {}

  ../../../../visual-editing/packages/@repo/sanity-schema: {}

  ../../../../visual-editing/packages/@repo/studio-url: {}

  ../../../../visual-editing/packages/comlink: {}

  ../../../../visual-editing/packages/comlink/playground: {}

  ../../../../visual-editing/packages/core-loader: {}

  ../../../../visual-editing/packages/insert-menu: {}

  ../../../../visual-editing/packages/next-loader: {}

  ../../../../visual-editing/packages/presentation-comlink: {}

  ../../../../visual-editing/packages/preview-url-secret: {}

  ../../../../visual-editing/packages/react-loader: {}

  ../../../../visual-editing/packages/svelte-loader: {}

  ../../../../visual-editing/packages/vercel-protection-bypass: {}

  ../../../../visual-editing/packages/visual-editing: {}

  ../../../../visual-editing/packages/visual-editing-csm: {}

  ../../../../visual-editing/packages/visual-editing-types: {}

  ../../../../webflow-cloud/test: {}

  ../../../../webflow-dev-setup: {}

  ../../../../workshop/giga-webgl-base: {}

  ../../../../workshop/ws-three-vite: {}

  ../../../solistart-bp: {}

  ../../packages/config: {}

  ../../packages/gl-context: {}

  ../../packages/sanity: {}

  ../../packages/seo: {}

  ../../packages/tailwind: {}

  ../../packages/three: {}

  ../../scripts/optimise: {}

  ../../scripts/sanity-yaml: {}

  ../../scripts/sync-sanity: {}

  ../cms: {}

  ../next: {}

packages:

  '@vercel/blob@2.4.0':
    resolution: {integrity: sha512-ncQ8CRb6XoEAYJwjOTRGpACRT6h/AeY+/33gLyeVxG5BIes27OPm1jmqreF+JHjcTmGhClTP+kBpmyLfbV0xew==}
    engines: {node: '>=20.0.0'}

  async-retry@1.3.3:
    resolution: {integrity: sha512-wfr/jstw9xNi/0teMHrRW7dsz3Lt5ARhYNZ2ewpadnhaIp5mbALhOAP+EAdsC7t4Z6wqsDVv9+W6gm1Dk9mEyw==}

  is-buffer@2.0.5:
    resolution: {integrity: sha512-i2R6zNFDwgEHJyQUtJEk0XFi1i0dPFn/oqjK3/vPCcDeJvW5NQ83V8QbicfF1SupOaB0h8ntgBC2YiE7dfyctQ==}
    engines: {node: '>=4'}

  is-node-process@1.2.0:
    resolution: {integrity: sha512-Vg4o6/fqPxIjtxgUH5QLJhwZ7gW5diGCVlXpuUfELC62CuxM1iHcRe51f2W1FDy04Ai4KJkagKjx3XaqyfRKXw==}

  retry@0.13.1:
    resolution: {integrity: sha512-XQBQ3I8W1Cge0Seh+6gjj03LbmRFWuoszgK9ooCpwYIrhhoO80pfq4cUkU5DkknwfOfFteRwlZ56PYOGYyFWdg==}
    engines: {node: '>= 4'}

  smooothy@0.0.26:
    resolution: {integrity: sha512-z69ofeUGCT+Q3qTFeCrstFkOMzYUIWIRHPYZvrnw34lrNrTUeEoBYwoNDLtx+d/k0EnmckgmhmBH6ha0Cqww6Q==}

  throttleit@2.1.0:
    resolution: {integrity: sha512-nt6AMGKW1p/70DF/hGBdJB57B8Tspmbp5gfJ8ilhLnt7kkr2ye7hzD6NVG8GGErk2HWF34igrL2CXmNIkzKqKw==}
    engines: {node: '>=18'}

  tiny-emitter@2.1.0:
    resolution: {integrity: sha512-NB6Dk1A9xgQPMoGqC5CVXn123gWyte215ONT5Pp5a0yt4nlEoO1ZWeCwpncaekPHXO60i47ihFnZPiRPjRMq4Q==}

  undici@6.25.0:
    resolution: {integrity: sha512-ZgpWDC5gmNiuY9CnLVXEH8rl50xhRCuLNA97fAUnKi8RRuV4E6KG31pDTsLVUKnohJE0I3XDrTeEydAXRw47xg==}
    engines: {node: '>=18.17'}

  virtual-scroll@2.2.1:
    resolution: {integrity: sha512-RvjcLxluh7B/6GPzLgQ9d0NYG4yqEguTc3MU7AvxyPVltuo2Cq5RokTL9RKUaZCMJ64in2hus0d03gTtoHp55g==}

snapshots:

  '@vercel/blob@2.4.0':
    dependencies:
      async-retry: 1.3.3
      is-buffer: 2.0.5
      is-node-process: 1.2.0
      throttleit: 2.1.0
      undici: 6.25.0

  async-retry@1.3.3:
    dependencies:
      retry: 0.13.1

  is-buffer@2.0.5: {}

  is-node-process@1.2.0: {}

  retry@0.13.1: {}

  smooothy@0.0.26:
    dependencies:
      virtual-scroll: 2.2.1

  throttleit@2.1.0: {}

  tiny-emitter@2.1.0: {}

  undici@6.25.0: {}

  virtual-scroll@2.2.1:
    dependencies:
      tiny-emitter: 2.1.0
